
Microsoft Visual Studio Solution File, Format Version 12.00
# Visual Studio Version 16
VisualStudioVersion = 25.0.1700.7
MinimumVisualStudioVersion = 10.0.40219.1
Project("{FAE04EC0-301F-11D3-BF4B-00C04F79EFBC}") = "MonoRec", "MonoRec\MonoRec.csproj", "{0215FA80-BC0A-4428-997D-702BD93BB408}"
EndProject
Project("{FAE04EC0-301F-11D3-BF4B-00C04F79EFBC}") = "MonoRec.UnitTests", "MonoRec.UnitTests\MonoRec.UnitTests.csproj", "{8FDBFA7F-35C3-4F2B-9D89-063A79A2B9B4}"
EndProject
Global
	GlobalSection(SolutionConfigurationPlatforms) = preSolution
		Debug|Any CPU = Debug|Any CPU
		Release|Any CPU = Release|Any CPU
	EndGlobalSection
	GlobalSection(ProjectConfigurationPlatforms) = postSolution
		{0215FA80-BC0A-4428-997D-702BD93BB408}.Debug|Any CPU.ActiveCfg = Debug|Any CPU
		{0215FA80-BC0A-4428-997D-702BD93BB408}.Debug|Any CPU.Build.0 = Debug|Any CPU
		{0215FA80-BC0A-4428-997D-702BD93BB408}.Release|Any CPU.ActiveCfg = Release|Any CPU
		{0215FA80-BC0A-4428-997D-702BD93BB408}.Release|Any CPU.Build.0 = Release|Any CPU
		{8FDBFA7F-35C3-4F2B-9D89-063A79A2B9B4}.Debug|Any CPU.ActiveCfg = Debug|Any CPU
		{8FDBFA7F-35C3-4F2B-9D89-063A79A2B9B4}.Debug|Any CPU.Build.0 = Debug|Any CPU
		{8FDBFA7F-35C3-4F2B-9D89-063A79A2B9B4}.Release|Any CPU.ActiveCfg = Release|Any CPU
		{8FDBFA7F-35C3-4F2B-9D89-063A79A2B9B4}.Release|Any CPU.Build.0 = Release|Any CPU
	EndGlobalSection
	GlobalSection(SolutionProperties) = preSolution
		HideSolutionNode = FALSE
	EndGlobalSection
	GlobalSection(ExtensibilityGlobals) = postSolution
		SolutionGuid = {58EC5474-0831-4395-8C85-543B79A75B76}
	EndGlobalSection
EndGlobal
